
Microsoft Visual Studio Solution File, Format Version 12.00
# Visual Studio 15
VisualStudioVersion = 15.0.27703.2035
MinimumVisualStudioVersion = 10.0.40219.1
Project("{8BC9CEB8-8B4A-11D0-8D11-00A0C91BC942}") = "cuda tutorial 1", "cuda tutorial\cuda tutorial.vcxproj", "{E3D5735B-1110-4256-9CA6-14042E0CC685}"
EndProject
Project("{8BC9CEB8-8B4A-11D0-8D11-00A0C91BC942}") = "cuda tutorial 2", "cuda tutorial 2\cuda tutorial 2.vcxproj", "{96E39DF6-E256-4013-A1FB-8C3D8155736A}"
EndProject
Project("{8BC9CEB8-8B4A-11D0-8D11-00A0C91BC942}") = "cuda tutorial 3", "cuda tutorial 3\cuda tutorial 3.vcxproj", "{79E140CC-E9AC-4DB0-AB6E-37C12E151AA9}"
EndProject
Project("{8BC9CEB8-8B4A-11D0-8D11-00A0C91BC942}") = "cuda tutorial 4", "cuda tutorial 4\cuda tutorial 4.vcxproj", "{CD2CC93B-5797-4110-AE80-9417401055D3}"
EndProject
Project("{8BC9CEB8-8B4A-11D0-8D11-00A0C91BC942}") = "cuda tutorial 5", "cuda tutorial 5\cuda tutorial 5.vcxproj", "{B7D46B05-E25C-49C9-90AE-537422493DB6}"
EndProject
Project("{8BC9CEB8-8B4A-11D0-8D11-00A0C91BC942}") = "non cuda", "non cuda\non cuda.vcxproj", "{6B732315-E099-434A-B117-2E6C46E6111A}"
EndProject
Global
	GlobalSection(SolutionConfigurationPlatforms) = preSolution
		Debug|x64 = Debug|x64
		Debug|x86 = Debug|x86
		Release|x64 = Release|x64
		Release|x86 = Release|x86
	EndGlobalSection
	GlobalSection(ProjectConfigurationPlatforms) = postSolution
		{E3D5735B-1110-4256-9CA6-14042E0CC685}.Debug|x64.ActiveCfg = Debug|x64
		{E3D5735B-1110-4256-9CA6-14042E0CC685}.Debug|x64.Build.0 = Debug|x64
		{E3D5735B-1110-4256-9CA6-14042E0CC685}.Debug|x86.ActiveCfg = Debug|x64
		{E3D5735B-1110-4256-9CA6-14042E0CC685}.Release|x64.ActiveCfg = Release|x64
		{E3D5735B-1110-4256-9CA6-14042E0CC685}.Release|x64.Build.0 = Release|x64
		{E3D5735B-1110-4256-9CA6-14042E0CC685}.Release|x86.ActiveCfg = Release|x64
		{96E39DF6-E256-4013-A1FB-8C3D8155736A}.Debug|x64.ActiveCfg = Debug|x64
		{96E39DF6-E256-4013-A1FB-8C3D8155736A}.Debug|x64.Build.0 = Debug|x64
		{96E39DF6-E256-4013-A1FB-8C3D8155736A}.Debug|x86.ActiveCfg = Debug|x64
		{96E39DF6-E256-4013-A1FB-8C3D8155736A}.Release|x64.ActiveCfg = Release|x64
		{96E39DF6-E256-4013-A1FB-8C3D8155736A}.Release|x64.Build.0 = Release|x64
		{96E39DF6-E256-4013-A1FB-8C3D8155736A}.Release|x86.ActiveCfg = Release|x64
		{79E140CC-E9AC-4DB0-AB6E-37C12E151AA9}.Debug|x64.ActiveCfg = Debug|x64
		{79E140CC-E9AC-4DB0-AB6E-37C12E151AA9}.Debug|x64.Build.0 = Debug|x64
		{79E140CC-E9AC-4DB0-AB6E-37C12E151AA9}.Debug|x86.ActiveCfg = Debug|x64
		{79E140CC-E9AC-4DB0-AB6E-37C12E151AA9}.Release|x64.ActiveCfg = Release|x64
		{79E140CC-E9AC-4DB0-AB6E-37C12E151AA9}.Release|x64.Build.0 = Release|x64
		{79E140CC-E9AC-4DB0-AB6E-37C12E151AA9}.Release|x86.ActiveCfg = Release|x64
		{CD2CC93B-5797-4110-AE80-9417401055D3}.Debug|x64.ActiveCfg = Debug|x64
		{CD2CC93B-5797-4110-AE80-9417401055D3}.Debug|x64.Build.0 = Debug|x64
		{CD2CC93B-5797-4110-AE80-9417401055D3}.Debug|x86.ActiveCfg = Debug|x64
		{CD2CC93B-5797-4110-AE80-9417401055D3}.Release|x64.ActiveCfg = Release|x64
		{CD2CC93B-5797-4110-AE80-9417401055D3}.Release|x64.Build.0 = Release|x64
		{CD2CC93B-5797-4110-AE80-9417401055D3}.Release|x86.ActiveCfg = Release|x64
		{B7D46B05-E25C-49C9-90AE-537422493DB6}.Debug|x64.ActiveCfg = Debug|x64
		{B7D46B05-E25C-49C9-90AE-537422493DB6}.Debug|x64.Build.0 = Debug|x64
		{B7D46B05-E25C-49C9-90AE-537422493DB6}.Debug|x86.ActiveCfg = Debug|x64
		{B7D46B05-E25C-49C9-90AE-537422493DB6}.Release|x64.ActiveCfg = Release|x64
		{B7D46B05-E25C-49C9-90AE-537422493DB6}.Release|x64.Build.0 = Release|x64
		{B7D46B05-E25C-49C9-90AE-537422493DB6}.Release|x86.ActiveCfg = Release|x64
		{6B732315-E099-434A-B117-2E6C46E6111A}.Debug|x64.ActiveCfg = Debug|x64
		{6B732315-E099-434A-B117-2E6C46E6111A}.Debug|x64.Build.0 = Debug|x64
		{6B732315-E099-434A-B117-2E6C46E6111A}.Debug|x86.ActiveCfg = Debug|Win32
		{6B732315-E099-434A-B117-2E6C46E6111A}.Debug|x86.Build.0 = Debug|Win32
		{6B732315-E099-434A-B117-2E6C46E6111A}.Release|x64.ActiveCfg = Release|x64
		{6B732315-E099-434A-B117-2E6C46E6111A}.Release|x64.Build.0 = Release|x64
		{6B732315-E099-434A-B117-2E6C46E6111A}.Release|x86.ActiveCfg = Release|Win32
		{6B732315-E099-434A-B117-2E6C46E6111A}.Release|x86.Build.0 = Release|Win32
	EndGlobalSection
	GlobalSection(SolutionProperties) = preSolution
		HideSolutionNode = FALSE
	EndGlobalSection
	GlobalSection(ExtensibilityGlobals) = postSolution
		SolutionGuid = {F6CA2FA9-47D2-457F-AF51-89AB1B013176}
	EndGlobalSection
EndGlobal
