
Microsoft Visual Studio Solution File, Format Version 12.00
# Visual Studio 15
VisualStudioVersion = 15.0.27703.2035
MinimumVisualStudioVersion = 10.0.40219.1
Project("{8BC9CEB8-8B4A-11D0-8D11-00A0C91BC942}") = "cuda tutorial 1", "cuda tutorial\cuda tutorial.vcxproj", "{E3D5735B-1110-4256-9CA6-14042E0CC685}"
EndProject
Project("{8BC9CEB8-8B4A-11D0-8D11-00A0C91BC942}") = "cuda tutorial 2", "cuda tutorial 2\cuda tutorial 2.vcxproj", "{96E39DF6-E256-4013-A1FB-8C3D8155736A}"
EndProject
Project("{8BC9CEB8-8B4A-11D0-8D11-00A0C91BC942}") = "cuda tutorial 3", "cuda tutorial 3\cuda tutorial 3.vcxproj", "{79E140CC-E9AC-4DB0-AB6E-37C12E151AA9}"
EndProject
Global
	GlobalSection(SolutionConfigurationPlatforms) = preSolution
		Debug|x64 = Debug|x64
		Release|x64 = Release|x64
	EndGlobalSection
	GlobalSection(ProjectConfigurationPlatforms) = postSolution
		{E3D5735B-1110-4256-9CA6-14042E0CC685}.Debug|x64.ActiveCfg = Debug|x64
		{E3D5735B-1110-4256-9CA6-14042E0CC685}.Debug|x64.Build.0 = Debug|x64
		{E3D5735B-1110-4256-9CA6-14042E0CC685}.Release|x64.ActiveCfg = Release|x64
		{E3D5735B-1110-4256-9CA6-14042E0CC685}.Release|x64.Build.0 = Release|x64
		{96E39DF6-E256-4013-A1FB-8C3D8155736A}.Debug|x64.ActiveCfg = Debug|x64
		{96E39DF6-E256-4013-A1FB-8C3D8155736A}.Debug|x64.Build.0 = Debug|x64
		{96E39DF6-E256-4013-A1FB-8C3D8155736A}.Release|x64.ActiveCfg = Release|x64
		{96E39DF6-E256-4013-A1FB-8C3D8155736A}.Release|x64.Build.0 = Release|x64
		{79E140CC-E9AC-4DB0-AB6E-37C12E151AA9}.Debug|x64.ActiveCfg = Debug|x64
		{79E140CC-E9AC-4DB0-AB6E-37C12E151AA9}.Debug|x64.Build.0 = Debug|x64
		{79E140CC-E9AC-4DB0-AB6E-37C12E151AA9}.Release|x64.ActiveCfg = Release|x64
		{79E140CC-E9AC-4DB0-AB6E-37C12E151AA9}.Release|x64.Build.0 = Release|x64
	EndGlobalSection
	GlobalSection(SolutionProperties) = preSolution
		HideSolutionNode = FALSE
	EndGlobalSection
	GlobalSection(ExtensibilityGlobals) = postSolution
		SolutionGuid = {F6CA2FA9-47D2-457F-AF51-89AB1B013176}
	EndGlobalSection
EndGlobal
